{
  "name": "frontend",
  "lockfileVersion": 3,
  "requires": true,
  "packages": {
    "": {
      "dependencies": {
        "two.js": "^0.8.14"
      }
    },
    "node_modules/two.js": {
      "version": "0.8.14",
      "resolved": "https://registry.npmjs.org/two.js/-/two.js-0.8.14.tgz",
      "integrity": "sha512-l8z10ssKjrJSLbDL0Uoy4CNlML377ubIy2J1kxkAsKkE+ToiUDAvueLmDvVAngFh2fib5HtOWTr9fVIQEVw3vw=="
    }
  }
}
